
Microsoft Visual Studio Solution File, Format Version 12.00
# Visual Studio Version 17
VisualStudioVersion = 17.14.37314.3 d17.14
MinimumVisualStudioVersion = 10.0.40219.1
Project("{FAE04EC0-301F-11D3-BF4B-00C04F79EFBC}") = "testeoss", "testeoss\testeoss.csproj", "{D0FE1FCC-4BAD-44E1-A57B-C687731B1424}"
EndProject
Global
	GlobalSection(SolutionConfigurationPlatforms) = preSolution
		Debug|Any CPU = Debug|Any CPU
		Release|Any CPU = Release|Any CPU
	EndGlobalSection
	GlobalSection(ProjectConfigurationPlatforms) = postSolution
		{D0FE1FCC-4BAD-44E1-A57B-C687731B1424}.Debug|Any CPU.ActiveCfg = Debug|Any CPU
		{D0FE1FCC-4BAD-44E1-A57B-C687731B1424}.Debug|Any CPU.Build.0 = Debug|Any CPU
		{D0FE1FCC-4BAD-44E1-A57B-C687731B1424}.Release|Any CPU.ActiveCfg = Release|Any CPU
		{D0FE1FCC-4BAD-44E1-A57B-C687731B1424}.Release|Any CPU.Build.0 = Release|Any CPU
	EndGlobalSection
	GlobalSection(SolutionProperties) = preSolution
		HideSolutionNode = FALSE
	EndGlobalSection
	GlobalSection(ExtensibilityGlobals) = postSolution
		SolutionGuid = {DBF66148-2408-4223-AB85-6BDA7CB75608}
	EndGlobalSection
EndGlobal
